
Microsoft Visual Studio Solution File, Format Version 12.00
Project("{FAE04EC0-301F-11D3-BF4B-00C04F79EFBC}") = "DevToDevAnalytics", "DevToDevAnalytics\DevToDevAnalytics.csproj", "{5FFC3B7E-2C76-4512-AB0A-36467566E4E6}"
EndProject
Global
	GlobalSection(SolutionConfigurationPlatforms) = preSolution
		Debug|Any CPU = Debug|Any CPU
		Release|Any CPU = Release|Any CPU
	EndGlobalSection
	GlobalSection(ProjectConfigurationPlatforms) = postSolution
		{5FFC3B7E-2C76-4512-AB0A-36467566E4E6}.Debug|Any CPU.ActiveCfg = Debug|Any CPU
		{5FFC3B7E-2C76-4512-AB0A-36467566E4E6}.Debug|Any CPU.Build.0 = Debug|Any CPU
		{5FFC3B7E-2C76-4512-AB0A-36467566E4E6}.Release|Any CPU.ActiveCfg = Release|Any CPU
		{5FFC3B7E-2C76-4512-AB0A-36467566E4E6}.Release|Any CPU.Build.0 = Release|Any CPU
	EndGlobalSection
EndGlobal
